
Microsoft Visual Studio Solution File, Format Version 12.00
# Visual Studio Version 16
VisualStudioVersion = 16.0.35731.53
MinimumVisualStudioVersion = 10.0.40219.1
Project("{9A19103F-16F7-4668-BE54-9A1E7A4F7556}") = "vj0.Cloud", "Source\vj0.Cloud\vj0.Cloud.csproj", "{9AB6DBDE-D06E-4CFF-BDED-61731681AFEB}"
EndProject
Project("{FAE04EC0-301F-11D3-BF4B-00C04F79EFBC}") = "CUE4Parse", "Dependencies\CUE4Parse\CUE4Parse\CUE4Parse.csproj", "{E5ACCA01-3D7E-460A-AAAB-C8C03FB1FE0F}"
EndProject
Project("{FAE04EC0-301F-11D3-BF4B-00C04F79EFBC}") = "CUE4Parse-Conversion", "Dependencies\CUE4Parse\CUE4Parse-Conversion\CUE4Parse-Conversion.csproj", "{68C4EBD1-973C-4082-A2E2-D5E33FD4993D}"
EndProject
Project("{FAE04EC0-301F-11D3-BF4B-00C04F79EFBC}") = "vj0", "Source\vj0\vj0.csproj", "{A44CCAAB-2363-4DBE-8F69-1D60B890DF4E}"
EndProject
Project("{2150E333-8FDC-42A3-9474-1A3956D46DE8}") = "Dependencies", "Dependencies", "{A2A2B00D-BA58-483F-95B5-3BB2ED686DDF}"
EndProject
Project("{2150E333-8FDC-42A3-9474-1A3956D46DE8}") = "Libraries", "Libraries", "{C72D4ED4-8077-4057-A6A9-D5D42625BBC2}"
EndProject
Project("{2150E333-8FDC-42A3-9474-1A3956D46DE8}") = "Plugins", "Plugins", "{764D3D10-1855-4447-84B0-0F7D19C7F420}"
EndProject
Project("{FAE04EC0-301F-11D3-BF4B-00C04F79EFBC}") = "vj0.Plugins.Fortnite", "Plugins\Epic Games\vj0.Plugins.Fortnite\vj0.Plugins.Fortnite.csproj", "{C39827A7-DD4E-44F1-AFF9-EE4DD91C2A3E}"
EndProject
Project("{FAE04EC0-301F-11D3-BF4B-00C04F79EFBC}") = "vj0.Plugins", "Source\vj0.Plugins\vj0.Plugins.csproj", "{0E55FE74-90AC-454C-88D6-E4986FF6D2A3}"
EndProject
Project("{2150E333-8FDC-42A3-9474-1A3956D46DE8}") = "Epic Games", "Epic Games", "{F95DB7B9-CFD6-4496-9414-40A75F30E3D0}"
EndProject
Project("{FAE04EC0-301F-11D3-BF4B-00C04F79EFBC}") = "vj0.Plugins.EpicGames", "Plugins\Epic Games\vj0.Plugins.EpicGames\vj0.Plugins.EpicGames.csproj", "{6488806F-6E60-46D8-AD1F-F2C0AB7136E0}"
EndProject
Project("{2150E333-8FDC-42A3-9474-1A3956D46DE8}") = "Riot", "Riot", "{C7409AF6-F76C-4103-8282-02E4D25455A0}"
EndProject
Project("{FAE04EC0-301F-11D3-BF4B-00C04F79EFBC}") = "vj0.Plugins.Valorant", "Plugins\Riot\vj0.Plugins.Valorant\vj0.Plugins.Valorant.csproj", "{D15B1ED9-27BB-47AD-A3BB-7BBDBB77315D}"
EndProject
Project("{FAE04EC0-301F-11D3-BF4B-00C04F79EFBC}") = "vj0.Core", "Source\vj0.Core\vj0.Core.csproj", "{F259B542-3CB2-490E-B2C7-6CA6BCB6694E}"
EndProject
Global
	GlobalSection(SolutionConfigurationPlatforms) = preSolution
		Debug|Any CPU = Debug|Any CPU
		Release|Any CPU = Release|Any CPU
	EndGlobalSection
	GlobalSection(ProjectConfigurationPlatforms) = postSolution
		{9AB6DBDE-D06E-4CFF-BDED-61731681AFEB}.Debug|Any CPU.ActiveCfg = Debug|Any CPU
		{9AB6DBDE-D06E-4CFF-BDED-61731681AFEB}.Debug|Any CPU.Build.0 = Debug|Any CPU
		{9AB6DBDE-D06E-4CFF-BDED-61731681AFEB}.Release|Any CPU.ActiveCfg = Release|Any CPU
		{9AB6DBDE-D06E-4CFF-BDED-61731681AFEB}.Release|Any CPU.Build.0 = Release|Any CPU
		{E5ACCA01-3D7E-460A-AAAB-C8C03FB1FE0F}.Debug|Any CPU.ActiveCfg = Debug|Any CPU
		{E5ACCA01-3D7E-460A-AAAB-C8C03FB1FE0F}.Debug|Any CPU.Build.0 = Debug|Any CPU
		{E5ACCA01-3D7E-460A-AAAB-C8C03FB1FE0F}.Release|Any CPU.ActiveCfg = Release|Any CPU
		{E5ACCA01-3D7E-460A-AAAB-C8C03FB1FE0F}.Release|Any CPU.Build.0 = Release|Any CPU
		{68C4EBD1-973C-4082-A2E2-D5E33FD4993D}.Debug|Any CPU.ActiveCfg = Debug|Any CPU
		{68C4EBD1-973C-4082-A2E2-D5E33FD4993D}.Debug|Any CPU.Build.0 = Debug|Any CPU
		{68C4EBD1-973C-4082-A2E2-D5E33FD4993D}.Release|Any CPU.ActiveCfg = Release|Any CPU
		{68C4EBD1-973C-4082-A2E2-D5E33FD4993D}.Release|Any CPU.Build.0 = Release|Any CPU
		{A44CCAAB-2363-4DBE-8F69-1D60B890DF4E}.Debug|Any CPU.ActiveCfg = Debug|Any CPU
		{A44CCAAB-2363-4DBE-8F69-1D60B890DF4E}.Debug|Any CPU.Build.0 = Debug|Any CPU
		{A44CCAAB-2363-4DBE-8F69-1D60B890DF4E}.Release|Any CPU.ActiveCfg = Release|Any CPU
		{A44CCAAB-2363-4DBE-8F69-1D60B890DF4E}.Release|Any CPU.Build.0 = Release|Any CPU
		{C39827A7-DD4E-44F1-AFF9-EE4DD91C2A3E}.Debug|Any CPU.ActiveCfg = Debug|Any CPU
		{C39827A7-DD4E-44F1-AFF9-EE4DD91C2A3E}.Debug|Any CPU.Build.0 = Debug|Any CPU
		{C39827A7-DD4E-44F1-AFF9-EE4DD91C2A3E}.Release|Any CPU.ActiveCfg = Release|Any CPU
		{C39827A7-DD4E-44F1-AFF9-EE4DD91C2A3E}.Release|Any CPU.Build.0 = Release|Any CPU
		{0E55FE74-90AC-454C-88D6-E4986FF6D2A3}.Debug|Any CPU.ActiveCfg = Debug|Any CPU
		{0E55FE74-90AC-454C-88D6-E4986FF6D2A3}.Debug|Any CPU.Build.0 = Debug|Any CPU
		{0E55FE74-90AC-454C-88D6-E4986FF6D2A3}.Release|Any CPU.ActiveCfg = Release|Any CPU
		{0E55FE74-90AC-454C-88D6-E4986FF6D2A3}.Release|Any CPU.Build.0 = Release|Any CPU
		{6488806F-6E60-46D8-AD1F-F2C0AB7136E0}.Debug|Any CPU.ActiveCfg = Debug|Any CPU
		{6488806F-6E60-46D8-AD1F-F2C0AB7136E0}.Debug|Any CPU.Build.0 = Debug|Any CPU
		{6488806F-6E60-46D8-AD1F-F2C0AB7136E0}.Release|Any CPU.ActiveCfg = Release|Any CPU
		{6488806F-6E60-46D8-AD1F-F2C0AB7136E0}.Release|Any CPU.Build.0 = Release|Any CPU
		{D15B1ED9-27BB-47AD-A3BB-7BBDBB77315D}.Debug|Any CPU.ActiveCfg = Debug|Any CPU
		{D15B1ED9-27BB-47AD-A3BB-7BBDBB77315D}.Debug|Any CPU.Build.0 = Debug|Any CPU
		{D15B1ED9-27BB-47AD-A3BB-7BBDBB77315D}.Release|Any CPU.ActiveCfg = Release|Any CPU
		{D15B1ED9-27BB-47AD-A3BB-7BBDBB77315D}.Release|Any CPU.Build.0 = Release|Any CPU
		{F259B542-3CB2-490E-B2C7-6CA6BCB6694E}.Debug|Any CPU.ActiveCfg = Debug|Any CPU
		{F259B542-3CB2-490E-B2C7-6CA6BCB6694E}.Debug|Any CPU.Build.0 = Debug|Any CPU
		{F259B542-3CB2-490E-B2C7-6CA6BCB6694E}.Release|Any CPU.ActiveCfg = Release|Any CPU
		{F259B542-3CB2-490E-B2C7-6CA6BCB6694E}.Release|Any CPU.Build.0 = Release|Any CPU
	EndGlobalSection
	GlobalSection(SolutionProperties) = preSolution
		HideSolutionNode = FALSE
	EndGlobalSection
	GlobalSection(ExtensibilityGlobals) = postSolution
		SolutionGuid = {74DB1DAA-08C2-420C-B714-E8FDBC79FDFC}
	EndGlobalSection
	GlobalSection(NestedProjects) = preSolution
		{E5ACCA01-3D7E-460A-AAAB-C8C03FB1FE0F} = {A2A2B00D-BA58-483F-95B5-3BB2ED686DDF}
		{68C4EBD1-973C-4082-A2E2-D5E33FD4993D} = {A2A2B00D-BA58-483F-95B5-3BB2ED686DDF}
		{F95DB7B9-CFD6-4496-9414-40A75F30E3D0} = {764D3D10-1855-4447-84B0-0F7D19C7F420}
		{C39827A7-DD4E-44F1-AFF9-EE4DD91C2A3E} = {F95DB7B9-CFD6-4496-9414-40A75F30E3D0}
		{6488806F-6E60-46D8-AD1F-F2C0AB7136E0} = {F95DB7B9-CFD6-4496-9414-40A75F30E3D0}
		{C7409AF6-F76C-4103-8282-02E4D25455A0} = {764D3D10-1855-4447-84B0-0F7D19C7F420}
		{D15B1ED9-27BB-47AD-A3BB-7BBDBB77315D} = {C7409AF6-F76C-4103-8282-02E4D25455A0}
		{0E55FE74-90AC-454C-88D6-E4986FF6D2A3} = {C72D4ED4-8077-4057-A6A9-D5D42625BBC2}
		{F259B542-3CB2-490E-B2C7-6CA6BCB6694E} = {C72D4ED4-8077-4057-A6A9-D5D42625BBC2}
	EndGlobalSection
EndGlobal
